{
  "lockfileVersion": 1,
  "configVersion": 1,
  "workspaces": {
    "": {
      "name": "bun-react-template",
      "dependencies": {
        "@types/three": "^0.182.0",
        "@typescript/native-preview": "^7.0.0-dev.20260120.1",
        "bun-plugin-tailwind": "^0.1.2",
        "react": "^19",
        "react-dom": "^19",
        "tailwindcss": "^4.1.11",
        "three": "^0.182.0",
      },
      "devDependencies": {
        "@types/bun": "latest",
        "@types/react": "^19",
        "@types/react-dom": "^19",
      },
    },
  },
  "packages": {
    "@dimforge/rapier3d-compat": ["@dimforge/rapier3d-compat@0.12.0", "", {}, "sha512-uekIGetywIgopfD97oDL5PfeezkFpNhwlzlaEYNOA0N6ghdsOvh/HYjSMek5Q2O1PYvRSDFcqFVJl4r4ZBwOow=="],

    "@oven/bun-darwin-aarch64": ["@oven/bun-darwin-aarch64@1.3.6", "", { "os": "darwin", "cpu": "arm64" }, "sha512-27rypIapNkYboOSylkf1tD9UW9Ado2I+P1NBL46Qz29KmOjTL6WuJ7mHDC5O66CYxlOkF5r93NPDAC3lFHYBXw=="],

    "@oven/bun-darwin-x64": ["@oven/bun-darwin-x64@1.3.6", "", { "os": "darwin", "cpu": "x64" }, "sha512-I82xGzPkBxzBKgbl8DsA0RfMQCWTWjNmLjIEkW1ECiv3qK02kHGQ5FGUr/29L/SuvnGsULW4tBTRNZiMzL37nA=="],

    "@oven/bun-darwin-x64-baseline": ["@oven/bun-darwin-x64-baseline@1.3.6", "", { "os": "darwin", "cpu": "x64" }, "sha512-nqtr+pTsHqusYpG2OZc6s+AmpWDB/FmBvstrK0y5zkti4OqnCuu7Ev2xNjS7uyb47NrAFF40pWqkpaio5XEd7w=="],

    "@oven/bun-linux-aarch64": ["@oven/bun-linux-aarch64@1.3.6", "", { "os": "linux", "cpu": "arm64" }, "sha512-YaQEAYjBanoOOtpqk/c5GGcfZIyxIIkQ2m1TbHjedRmJNwxzWBhGinSARFkrRIc3F8pRIGAopXKvJ/2rjN1LzQ=="],

    "@oven/bun-linux-aarch64-musl": ["@oven/bun-linux-aarch64-musl@1.3.6", "", { "os": "linux", "cpu": "arm64" }, "sha512-FR+iJt17rfFgYgpxL3M67AUwujOgjw52ZJzB9vElI5jQXNjTyOKf8eH4meSk4vjlYF3h/AjKYd6pmN0OIUlVKQ=="],

    "@oven/bun-linux-x64": ["@oven/bun-linux-x64@1.3.6", "", { "os": "linux", "cpu": "x64" }, "sha512-egfngj0dfJ868cf30E7B+ye9KUWSebYxOG4l9YP5eWeMXCtenpenx0zdKtAn9qxJgEJym5AN6trtlk+J6x8Lig=="],

    "@oven/bun-linux-x64-baseline": ["@oven/bun-linux-x64-baseline@1.3.6", "", { "os": "linux", "cpu": "x64" }, "sha512-jRmnX18ak8WzqLrex3siw0PoVKyIeI5AiCv4wJLgSs7VKfOqrPycfHIWfIX2jdn7ngqbHFPzI09VBKANZ4Pckg=="],

    "@oven/bun-linux-x64-musl": ["@oven/bun-linux-x64-musl@1.3.6", "", { "os": "linux", "cpu": "x64" }, "sha512-YeXcJ9K6vJAt1zSkeA21J6pTe7PgDMLTHKGI3nQBiMYnYf7Ob3K+b/ChSCznrJG7No5PCPiQPg4zTgA+BOTmSA=="],

    "@oven/bun-linux-x64-musl-baseline": ["@oven/bun-linux-x64-musl-baseline@1.3.6", "", { "os": "linux", "cpu": "x64" }, "sha512-7FjVnxnRTp/AgWqSQRT/Vt9TYmvnZ+4M+d9QOKh/Lf++wIFXFGSeAgD6bV1X/yr2UPVmZDk+xdhr2XkU7l2v3w=="],

    "@oven/bun-windows-x64": ["@oven/bun-windows-x64@1.3.6", "", { "os": "win32", "cpu": "x64" }, "sha512-Sr1KwUcbB0SEpnSPO22tNJppku2khjFluEst+mTGhxHzAGQTQncNeJxDnt3F15n+p9Q+mlcorxehd68n1siikQ=="],

    "@oven/bun-windows-x64-baseline": ["@oven/bun-windows-x64-baseline@1.3.6", "", { "os": "win32", "cpu": "x64" }, "sha512-PFUa7JL4lGoyyppeS4zqfuoXXih+gSE0XxhDMrCPVEUev0yhGNd/tbWBvcdpYnUth80owENoGjc8s5Knopv9wA=="],

    "@tweenjs/tween.js": ["@tweenjs/tween.js@23.1.3", "", {}, "sha512-vJmvvwFxYuGnF2axRtPYocag6Clbb5YS7kLL+SO/TeVFzHqDIWrNKYtcsPMibjDx9O+bu+psAy9NKfWklassUA=="],

    "@types/bun": ["@types/bun@1.3.6", "", { "dependencies": { "bun-types": "1.3.6" } }, "sha512-uWCv6FO/8LcpREhenN1d1b6fcspAB+cefwD7uti8C8VffIv0Um08TKMn98FynpTiU38+y2dUO55T11NgDt8VAA=="],

    "@types/node": ["@types/node@25.0.9", "", { "dependencies": { "undici-types": "~7.16.0" } }, "sha512-/rpCXHlCWeqClNBwUhDcusJxXYDjZTyE8v5oTO7WbL8eij2nKhUeU89/6xgjU7N4/Vh3He0BtyhJdQbDyhiXAw=="],

    "@types/react": ["@types/react@19.2.8", "", { "dependencies": { "csstype": "^3.2.2" } }, "sha512-3MbSL37jEchWZz2p2mjntRZtPt837ij10ApxKfgmXCTuHWagYg7iA5bqPw6C8BMPfwidlvfPI/fxOc42HLhcyg=="],

    "@types/react-dom": ["@types/react-dom@19.2.3", "", { "peerDependencies": { "@types/react": "^19.2.0" } }, "sha512-jp2L/eY6fn+KgVVQAOqYItbF0VY/YApe5Mz2F0aykSO8gx31bYCZyvSeYxCHKvzHG5eZjc+zyaS5BrBWya2+kQ=="],

    "@types/stats.js": ["@types/stats.js@0.17.4", "", {}, "sha512-jIBvWWShCvlBqBNIZt0KAshWpvSjhkwkEu4ZUcASoAvhmrgAUI2t1dXrjSL4xXVLB4FznPrIsX3nKXFl/Dt4vA=="],

    "@types/three": ["@types/three@0.182.0", "", { "dependencies": { "@dimforge/rapier3d-compat": "~0.12.0", "@tweenjs/tween.js": "~23.1.3", "@types/stats.js": "*", "@types/webxr": ">=0.5.17", "@webgpu/types": "*", "fflate": "~0.8.2", "meshoptimizer": "~0.22.0" } }, "sha512-WByN9V3Sbwbe2OkWuSGyoqQO8Du6yhYaXtXLoA5FkKTUJorZ+yOHBZ35zUUPQXlAKABZmbYp5oAqpA4RBjtJ/Q=="],

    "@types/webxr": ["@types/webxr@0.5.24", "", {}, "sha512-h8fgEd/DpoS9CBrjEQXR+dIDraopAEfu4wYVNY2tEPwk60stPWhvZMf4Foo5FakuQ7HFZoa8WceaWFervK2Ovg=="],

    "@typescript/native-preview": ["@typescript/native-preview@7.0.0-dev.20260120.1", "", { "optionalDependencies": { "@typescript/native-preview-darwin-arm64": "7.0.0-dev.20260120.1", "@typescript/native-preview-darwin-x64": "7.0.0-dev.20260120.1", "@typescript/native-preview-linux-arm": "7.0.0-dev.20260120.1", "@typescript/native-preview-linux-arm64": "7.0.0-dev.20260120.1", "@typescript/native-preview-linux-x64": "7.0.0-dev.20260120.1", "@typescript/native-preview-win32-arm64": "7.0.0-dev.20260120.1", "@typescript/native-preview-win32-x64": "7.0.0-dev.20260120.1" }, "bin": { "tsgo": "bin/tsgo.js" } }, "sha512-nnEf37C9ue7OBRnF2zmV/OCBmV5Y7T/K4mCHa+nxgiXcF/1w8sA0cgdFl+gHQ0mysqUJ+Bu5btAMeWgpLyjrgg=="],

    "@typescript/native-preview-darwin-arm64": ["@typescript/native-preview-darwin-arm64@7.0.0-dev.20260120.1", "", { "os": "darwin", "cpu": "arm64" }, "sha512-r3pWFuR2H7mn6ScwpH5jJljKQqKto0npVuJSk6pRwFwexpTyxOGmJTZJ1V0AWiisaNxU2+CNAqWFJSJYIE/QTg=="],

    "@typescript/native-preview-darwin-x64": ["@typescript/native-preview-darwin-x64@7.0.0-dev.20260120.1", "", { "os": "darwin", "cpu": "x64" }, "sha512-cuC1+wLbUP+Ip2UT94G134fqRdp5w3b3dhcCO6/FQ4yXxvRNyv/WK+upHBUFDaeSOeHgDTyO9/QFYUWwC4If1A=="],

    "@typescript/native-preview-linux-arm": ["@typescript/native-preview-linux-arm@7.0.0-dev.20260120.1", "", { "os": "linux", "cpu": "arm" }, "sha512-vN6OYVySol/kQZjJGmAzd6L30SyVlCgmCXS8WjUYtE5clN0YrzQHop16RK29fYZHMxpkOniVBtRPxUYQANZBlQ=="],

    "@typescript/native-preview-linux-arm64": ["@typescript/native-preview-linux-arm64@7.0.0-dev.20260120.1", "", { "os": "linux", "cpu": "arm64" }, "sha512-zZGvEGY7wcHYefMZ87KNmvjN3NLIhsCMHEpHZiGCS3khKf+8z6ZsanrzCjOTodvL01VPyBzHxV1EtkSxAcLiQg=="],

    "@typescript/native-preview-linux-x64": ["@typescript/native-preview-linux-x64@7.0.0-dev.20260120.1", "", { "os": "linux", "cpu": "x64" }, "sha512-JBfNhWd/asd5MDeS3VgRvE24pGKBkmvLub6tsux6ypr+Yhy+o0WaAEzVpmlRYZUqss2ai5tvOu4dzPBXzZAtFw=="],

    "@typescript/native-preview-win32-arm64": ["@typescript/native-preview-win32-arm64@7.0.0-dev.20260120.1", "", { "os": "win32", "cpu": "arm64" }, "sha512-tTndRtYCq2xwgE0VkTi9ACNiJaV43+PqvBqCxk8ceYi3X36Ve+CCnwlZfZJ4k9NxZthtrAwF/kUmpC9iIYbq1w=="],

    "@typescript/native-preview-win32-x64": ["@typescript/native-preview-win32-x64@7.0.0-dev.20260120.1", "", { "os": "win32", "cpu": "x64" }, "sha512-oZia7hFL6k9pVepfonuPI86Jmyz6WlJKR57tWCDwRNmpA7odxuTq1PbvcYgy1z4+wHF1nnKKJY0PMAiq6ac18w=="],

    "@webgpu/types": ["@webgpu/types@0.1.69", "", {}, "sha512-RPmm6kgRbI8e98zSD3RVACvnuktIja5+yLgDAkTmxLr90BEwdTXRQWNLF3ETTTyH/8mKhznZuN5AveXYFEsMGQ=="],

    "bun": ["bun@1.3.6", "", { "optionalDependencies": { "@oven/bun-darwin-aarch64": "1.3.6", "@oven/bun-darwin-x64": "1.3.6", "@oven/bun-darwin-x64-baseline": "1.3.6", "@oven/bun-linux-aarch64": "1.3.6", "@oven/bun-linux-aarch64-musl": "1.3.6", "@oven/bun-linux-x64": "1.3.6", "@oven/bun-linux-x64-baseline": "1.3.6", "@oven/bun-linux-x64-musl": "1.3.6", "@oven/bun-linux-x64-musl-baseline": "1.3.6", "@oven/bun-windows-x64": "1.3.6", "@oven/bun-windows-x64-baseline": "1.3.6" }, "os": [ "linux", "win32", "darwin", ], "cpu": [ "x64", "arm64", ], "bin": { "bun": "bin/bun.exe", "bunx": "bin/bunx.exe" } }, "sha512-Tn98GlZVN2WM7+lg/uGn5DzUao37Yc0PUz7yzYHdeF5hd+SmHQGbCUIKE4Sspdgtxn49LunK3mDNBC2Qn6GJjw=="],

    "bun-plugin-tailwind": ["bun-plugin-tailwind@0.1.2", "", { "peerDependencies": { "bun": ">=1.0.0" } }, "sha512-41jNC1tZRSK3s1o7pTNrLuQG8kL/0vR/JgiTmZAJ1eHwe0w5j6HFPKeqEk0WAD13jfrUC7+ULuewFBBCoADPpg=="],

    "bun-types": ["bun-types@1.3.6", "", { "dependencies": { "@types/node": "*" } }, "sha512-OlFwHcnNV99r//9v5IIOgQ9Uk37gZqrNMCcqEaExdkVq3Avwqok1bJFmvGMCkCE0FqzdY8VMOZpfpR3lwI+CsQ=="],

    "csstype": ["csstype@3.2.3", "", {}, "sha512-z1HGKcYy2xA8AGQfwrn0PAy+PB7X/GSj3UVJW9qKyn43xWa+gl5nXmU4qqLMRzWVLFC8KusUX8T/0kCiOYpAIQ=="],

    "fflate": ["fflate@0.8.2", "", {}, "sha512-cPJU47OaAoCbg0pBvzsgpTPhmhqI5eJjh/JIu8tPj5q+T7iLvW/JAYUqmE7KOB4R1ZyEhzBaIQpQpardBF5z8A=="],

    "meshoptimizer": ["meshoptimizer@0.22.0", "", {}, "sha512-IebiK79sqIy+E4EgOr+CAw+Ke8hAspXKzBd0JdgEmPHiAwmvEj2S4h1rfvo+o/BnfEYd/jAOg5IeeIjzlzSnDg=="],

    "react": ["react@19.2.3", "", {}, "sha512-Ku/hhYbVjOQnXDZFv2+RibmLFGwFdeeKHFcOTlrt7xplBnya5OGn/hIRDsqDiSUcfORsDC7MPxwork8jBwsIWA=="],

    "react-dom": ["react-dom@19.2.3", "", { "dependencies": { "scheduler": "^0.27.0" }, "peerDependencies": { "react": "^19.2.3" } }, "sha512-yELu4WmLPw5Mr/lmeEpox5rw3RETacE++JgHqQzd2dg+YbJuat3jH4ingc+WPZhxaoFzdv9y33G+F7Nl5O0GBg=="],

    "scheduler": ["scheduler@0.27.0", "", {}, "sha512-eNv+WrVbKu1f3vbYJT/xtiF5syA5HPIMtf9IgY/nKg0sWqzAUEvqY/xm7OcZc/qafLx/iO9FgOmeSAp4v5ti/Q=="],

    "tailwindcss": ["tailwindcss@4.1.18", "", {}, "sha512-4+Z+0yiYyEtUVCScyfHCxOYP06L5Ne+JiHhY2IjR2KWMIWhJOYZKLSGZaP5HkZ8+bY0cxfzwDE5uOmzFXyIwxw=="],

    "three": ["three@0.182.0", "", {}, "sha512-GbHabT+Irv+ihI1/f5kIIsZ+Ef9Sl5A1Y7imvS5RQjWgtTPfPnZ43JmlYI7NtCRDK9zir20lQpfg8/9Yd02OvQ=="],

    "undici-types": ["undici-types@7.16.0", "", {}, "sha512-Zz+aZWSj8LE6zoxD+xrjh4VfkIG8Ya6LvYkZqtUQGJPZjYl53ypCaUwWqo7eI0x66KBGeRo+mlBEkMSeSZ38Nw=="],
  }
}
